PODS:
  - Capacitor (8.4.1):
    - CapacitorCordova
  - CapacitorCommunityAdmob (8.0.0):
    - Capacitor
    - Google-Mobile-Ads-SDK (~> 12.14)
    - GoogleUserMessagingPlatform (~> 3.1)
  - CapacitorCordova (8.4.1)
  - Google-Mobile-Ads-SDK (12.14.0):
    - GoogleUserMessagingPlatform (>= 1.1)
  - GoogleUserMessagingPlatform (3.1.0)
  - PurchasesHybridCommon (18.19.0):
    - RevenueCat (= 5.80.2)
  - RevenueCat (5.80.2)
  - RevenuecatPurchasesCapacitor (13.2.2):
    - Capacitor
    - PurchasesHybridCommon (= 18.19.0)

DEPENDENCIES:
  - "Capacitor (from `../../node_modules/@capacitor/ios`)"
  - "CapacitorCommunityAdmob (from `../../node_modules/@capacitor-community/admob`)"
  - "CapacitorCordova (from `../../node_modules/@capacitor/ios`)"
  - "RevenuecatPurchasesCapacitor (from `../../node_modules/@revenuecat/purchases-capacitor`)"

SPEC REPOS:
  trunk:
    - Google-Mobile-Ads-SDK
    - GoogleUserMessagingPlatform
    - PurchasesHybridCommon
    - RevenueCat

EXTERNAL SOURCES:
  Capacitor:
    :path: "../../node_modules/@capacitor/ios"
  CapacitorCommunityAdmob:
    :path: "../../node_modules/@capacitor-community/admob"
  CapacitorCordova:
    :path: "../../node_modules/@capacitor/ios"
  RevenuecatPurchasesCapacitor:
    :path: "../../node_modules/@revenuecat/purchases-capacitor"

SPEC CHECKSUMS:
  Capacitor: 35242afe195b1e53c58ca1b827d1b444c5e6602b
  CapacitorCommunityAdmob: 9c36b466f46da413e5c105f7484e7603178c6223
  CapacitorCordova: eebe6bcf807b1b06f3f48237650f96bbcd0eef09
  Google-Mobile-Ads-SDK: 4534fd2dfcd3f705c5485a6633c5188d03d4eed2
  GoogleUserMessagingPlatform: befe603da6501006420c206222acd449bba45a9c
  PurchasesHybridCommon: 1eb67a6c8997233b35ed9b4eee8205dd8dd92890
  RevenueCat: b772273e51fa103a2ecc644439dd54a5dec199f3
  RevenuecatPurchasesCapacitor: 91f6664742973bcf31d1abe1806beae12224ea3b

PODFILE CHECKSUM: a73998f67121bf8912e5f2eb76084427ec709079

COCOAPODS: 1.17.0
